
Microsoft Visual Studio Solution File, Format Version 12.00
# Visual Studio Version 17
VisualStudioVersion = 17.14.36203.30 d17.14
MinimumVisualStudioVersion = 10.0.40219.1
Project("{FAE04EC0-301F-11D3-BF4B-00C04F79EFBC}") = "FunctionAndArray", "FunctionAndArray\FunctionAndArray.csproj", "{11104A6E-A375-4DA0-BAD2-AD9437F673D2}"
EndProject
Global
	GlobalSection(SolutionConfigurationPlatforms) = preSolution
		Debug|Any CPU = Debug|Any CPU
		Release|Any CPU = Release|Any CPU
	EndGlobalSection
	GlobalSection(ProjectConfigurationPlatforms) = postSolution
		{11104A6E-A375-4DA0-BAD2-AD9437F673D2}.Debug|Any CPU.ActiveCfg = Debug|Any CPU
		{11104A6E-A375-4DA0-BAD2-AD9437F673D2}.Debug|Any CPU.Build.0 = Debug|Any CPU
		{11104A6E-A375-4DA0-BAD2-AD9437F673D2}.Release|Any CPU.ActiveCfg = Release|Any CPU
		{11104A6E-A375-4DA0-BAD2-AD9437F673D2}.Release|Any CPU.Build.0 = Release|Any CPU
	EndGlobalSection
	GlobalSection(SolutionProperties) = preSolution
		HideSolutionNode = FALSE
	EndGlobalSection
	GlobalSection(ExtensibilityGlobals) = postSolution
		SolutionGuid = {F7586497-6A1F-422C-BBF1-1228638438F9}
	EndGlobalSection
EndGlobal
