
Microsoft Visual Studio Solution File, Format Version 12.00
# Visual Studio Version 17
VisualStudioVersion = 17.14.36203.30 d17.14
MinimumVisualStudioVersion = 10.0.40219.1
Project("{FAE04EC0-301F-11D3-BF4B-00C04F79EFBC}") = "NumberGuessGame", "NumberGuessGame\NumberGuessGame.csproj", "{F04BA406-202A-442B-8FD8-8EE041D85D45}"
EndProject
Global
	GlobalSection(SolutionConfigurationPlatforms) = preSolution
		Debug|Any CPU = Debug|Any CPU
		Release|Any CPU = Release|Any CPU
	EndGlobalSection
	GlobalSection(ProjectConfigurationPlatforms) = postSolution
		{F04BA406-202A-442B-8FD8-8EE041D85D45}.Debug|Any CPU.ActiveCfg = Debug|Any CPU
		{F04BA406-202A-442B-8FD8-8EE041D85D45}.Debug|Any CPU.Build.0 = Debug|Any CPU
		{F04BA406-202A-442B-8FD8-8EE041D85D45}.Release|Any CPU.ActiveCfg = Release|Any CPU
		{F04BA406-202A-442B-8FD8-8EE041D85D45}.Release|Any CPU.Build.0 = Release|Any CPU
	EndGlobalSection
	GlobalSection(SolutionProperties) = preSolution
		HideSolutionNode = FALSE
	EndGlobalSection
	GlobalSection(ExtensibilityGlobals) = postSolution
		SolutionGuid = {3D695266-E825-46E3-A0D5-2F22CE93185F}
	EndGlobalSection
EndGlobal
