
Microsoft Visual Studio Solution File, Format Version 12.00
# Visual Studio Version 17
VisualStudioVersion = 17.14.36203.30 d17.14
MinimumVisualStudioVersion = 10.0.40219.1
Project("{FAE04EC0-301F-11D3-BF4B-00C04F79EFBC}") = "TreasurerHunt", "TreasurerHunt\TreasurerHunt.csproj", "{302214E0-D5E1-47FF-95DE-3C998676341F}"
EndProject
Global
	GlobalSection(SolutionConfigurationPlatforms) = preSolution
		Debug|Any CPU = Debug|Any CPU
		Release|Any CPU = Release|Any CPU
	EndGlobalSection
	GlobalSection(ProjectConfigurationPlatforms) = postSolution
		{302214E0-D5E1-47FF-95DE-3C998676341F}.Debug|Any CPU.ActiveCfg = Debug|Any CPU
		{302214E0-D5E1-47FF-95DE-3C998676341F}.Debug|Any CPU.Build.0 = Debug|Any CPU
		{302214E0-D5E1-47FF-95DE-3C998676341F}.Release|Any CPU.ActiveCfg = Release|Any CPU
		{302214E0-D5E1-47FF-95DE-3C998676341F}.Release|Any CPU.Build.0 = Release|Any CPU
	EndGlobalSection
	GlobalSection(SolutionProperties) = preSolution
		HideSolutionNode = FALSE
	EndGlobalSection
	GlobalSection(ExtensibilityGlobals) = postSolution
		SolutionGuid = {92E7760E-2390-4BB1-8A88-E8352AF631C4}
	EndGlobalSection
EndGlobal
