
Microsoft Visual Studio Solution File, Format Version 12.00
# Visual Studio Version 17
VisualStudioVersion = 17.14.36203.30 d17.14
MinimumVisualStudioVersion = 10.0.40219.1
Project("{FAE04EC0-301F-11D3-BF4B-00C04F79EFBC}") = "Factorial", "Factorial\Factorial.csproj", "{05640364-BE9A-4796-B914-72649DE78899}"
EndProject
Global
	GlobalSection(SolutionConfigurationPlatforms) = preSolution
		Debug|Any CPU = Debug|Any CPU
		Release|Any CPU = Release|Any CPU
	EndGlobalSection
	GlobalSection(ProjectConfigurationPlatforms) = postSolution
		{05640364-BE9A-4796-B914-72649DE78899}.Debug|Any CPU.ActiveCfg = Debug|Any CPU
		{05640364-BE9A-4796-B914-72649DE78899}.Debug|Any CPU.Build.0 = Debug|Any CPU
		{05640364-BE9A-4796-B914-72649DE78899}.Release|Any CPU.ActiveCfg = Release|Any CPU
		{05640364-BE9A-4796-B914-72649DE78899}.Release|Any CPU.Build.0 = Release|Any CPU
	EndGlobalSection
	GlobalSection(SolutionProperties) = preSolution
		HideSolutionNode = FALSE
	EndGlobalSection
	GlobalSection(ExtensibilityGlobals) = postSolution
		SolutionGuid = {55D02CDB-C638-4B8C-A9AB-0707D2028139}
	EndGlobalSection
EndGlobal
