
Microsoft Visual Studio Solution File, Format Version 12.00
# Visual Studio Version 17
VisualStudioVersion = 17.14.36203.30 d17.14
MinimumVisualStudioVersion = 10.0.40219.1
Project("{FAE04EC0-301F-11D3-BF4B-00C04F79EFBC}") = "StringManipulation", "StringManipulation\StringManipulation.csproj", "{1E365E82-9813-44F9-8BB6-FD8F1F58550F}"
EndProject
Global
	GlobalSection(SolutionConfigurationPlatforms) = preSolution
		Debug|Any CPU = Debug|Any CPU
		Release|Any CPU = Release|Any CPU
	EndGlobalSection
	GlobalSection(ProjectConfigurationPlatforms) = postSolution
		{1E365E82-9813-44F9-8BB6-FD8F1F58550F}.Debug|Any CPU.ActiveCfg = Debug|Any CPU
		{1E365E82-9813-44F9-8BB6-FD8F1F58550F}.Debug|Any CPU.Build.0 = Debug|Any CPU
		{1E365E82-9813-44F9-8BB6-FD8F1F58550F}.Release|Any CPU.ActiveCfg = Release|Any CPU
		{1E365E82-9813-44F9-8BB6-FD8F1F58550F}.Release|Any CPU.Build.0 = Release|Any CPU
	EndGlobalSection
	GlobalSection(SolutionProperties) = preSolution
		HideSolutionNode = FALSE
	EndGlobalSection
	GlobalSection(ExtensibilityGlobals) = postSolution
		SolutionGuid = {9A7ED321-BC54-4E66-BDA9-D43F0B874B84}
	EndGlobalSection
EndGlobal
